
Microsoft Visual Studio Solution File, Format Version 11.00
# Visual Studio 2010
Project("{8BC9CEB8-8B4A-11D0-8D11-00A0C91BC942}") = "GameDownloader", "GameDownloader\GameDownloader.vcxproj", "{A9691D7A-7B0C-4C6F-8CE8-B87F3FA5B8C4}"
EndProject
Project("{2150E333-8FDC-42A3-9474-1A3956D46DE8}") = "Solution Items", "Solution Items", "{884239B1-C8C7-426B-9AD1-35D8216C2550}"
	ProjectSection(SolutionItems) = preProject
		Deploy.props = Deploy.props
		Readme.txt = Readme.txt
	EndProjectSection
EndProject
Project("{8BC9CEB8-8B4A-11D0-8D11-00A0C91BC942}") = "GameDownloaderTest", "GameDownloaderTest\GameDownloaderTest.vcxproj", "{F3385209-5789-4A0D-9E34-74956A34E16E}"
	ProjectSection(ProjectDependencies) = postProject
		{A9691D7A-7B0C-4C6F-8CE8-B87F3FA5B8C4} = {A9691D7A-7B0C-4C6F-8CE8-B87F3FA5B8C4}
	EndProjectSection
EndProject
Project("{8BC9CEB8-8B4A-11D0-8D11-00A0C91BC942}") = "Sample", "Sample\Sample.vcxproj", "{9F601166-508A-40D4-8064-C162055A435B}"
	ProjectSection(ProjectDependencies) = postProject
		{A9691D7A-7B0C-4C6F-8CE8-B87F3FA5B8C4} = {A9691D7A-7B0C-4C6F-8CE8-B87F3FA5B8C4}
	EndProjectSection
EndProject
Global
	GlobalSection(SolutionConfigurationPlatforms) = preSolution
		Debug|Win32 = Debug|Win32
		Release|Win32 = Release|Win32
	EndGlobalSection
	GlobalSection(ProjectConfigurationPlatforms) = postSolution
		{A9691D7A-7B0C-4C6F-8CE8-B87F3FA5B8C4}.Debug|Win32.ActiveCfg = Debug|Win32
		{A9691D7A-7B0C-4C6F-8CE8-B87F3FA5B8C4}.Debug|Win32.Build.0 = Debug|Win32
		{A9691D7A-7B0C-4C6F-8CE8-B87F3FA5B8C4}.Release|Win32.ActiveCfg = Release|Win32
		{A9691D7A-7B0C-4C6F-8CE8-B87F3FA5B8C4}.Release|Win32.Build.0 = Release|Win32
		{F3385209-5789-4A0D-9E34-74956A34E16E}.Debug|Win32.ActiveCfg = Debug|Win32
		{F3385209-5789-4A0D-9E34-74956A34E16E}.Debug|Win32.Build.0 = Debug|Win32
		{F3385209-5789-4A0D-9E34-74956A34E16E}.Release|Win32.ActiveCfg = Release|Win32
		{F3385209-5789-4A0D-9E34-74956A34E16E}.Release|Win32.Build.0 = Release|Win32
		{9F601166-508A-40D4-8064-C162055A435B}.Debug|Win32.ActiveCfg = Debug|Win32
		{9F601166-508A-40D4-8064-C162055A435B}.Debug|Win32.Build.0 = Debug|Win32
		{9F601166-508A-40D4-8064-C162055A435B}.Release|Win32.ActiveCfg = Release|Win32
		{9F601166-508A-40D4-8064-C162055A435B}.Release|Win32.Build.0 = Release|Win32
	EndGlobalSection
	GlobalSection(SolutionProperties) = preSolution
		HideSolutionNode = FALSE
	EndGlobalSection
EndGlobal
