<?xml version="1.0" encoding="utf-8"?>
<Project ToolsVersion="4.0" xmlns="http://schemas.microsoft.com/developer/msbuild/2003">
  <ItemGroup>
    <ClCompile Include="src\GameDownloader\Behavior\CompressorBehavior.cpp">
      <Filter>Generated Files</Filter>
    </ClCompile>
    <ClCompile Include="src\GameDownloader\Behavior\GetPatchVersionBehavior.cpp">
      <Filter>Generated Files</Filter>
    </ClCompile>
    <ClCompile Include="src\GameDownloader\Behavior\BindiffFailedBehavior.cpp">
      <Filter>Generated Files</Filter>
    </ClCompile>
    <ClCompile Include="src\GameDownloader\Behavior\SetAllPackedBehavior.cpp">
      <Filter>Generated Files</Filter>
    </ClCompile>
    <ClCompile Include="src\GameDownloader\ProgressCalculator.cpp">
      <Filter>Generated Files</Filter>
    </ClCompile>
    <ClCompile Include="src\GameDownloader\Behavior\Private\CheckPatchExist.cpp">
      <Filter>Generated Files\Debug</Filter>
    </ClCompile>
    <ClCompile Include="src\GameDownloader\Algorithms\SimpleVersion.cpp">
      <Filter>Source Files</Filter>
    </ClCompile>
    <ClCompile Include="src\GameDownloader\Common\FileUtils.cpp">
      <Filter>Generated Files</Filter>
    </ClCompile>
    <ClCompile Include="main.cpp">
      <Filter>Source Files</Filter>
    </ClCompile>
    <ClCompile Include="src\GameDownloader\Behavior\UninstallBehavior.cpp">
      <Filter>Generated Files</Filter>
    </ClCompile>
    <ClCompile Include="src\GameDownloader\Hooks\PreventWinXpDownload.cpp">
      <Filter>Source Files</Filter>
    </ClCompile>
    <ClCompile Include="src\GameDownloader\Behavior\CreateFastResumeBehavior.cpp">
      <Filter>Source Files</Filter>
    </ClCompile>
    <ClCompile Include="src\GameDownloader\Hooks\RemoveFileHook.cpp">
      <Filter>Generated Files</Filter>
    </ClCompile>
    <ClCompile Include="src\GameDownloader\Hooks\PreventWin32Download.cpp">
      <Filter>Source Files</Filter>
    </ClCompile>
    <ClCompile Include="src\GameDownloader\RegisterTypes.cpp">
      <Filter>Generated Files</Filter>
    </ClCompile>
    <ClCompile Include="src\GameDownloader\Behavior\BaseBehavior.cpp">
      <Filter>Source Files</Filter>
    </ClCompile>
    <ClCompile Include="src\GameDownloader\Behavior\BindiffBehavior.cpp">
      <Filter>Source Files</Filter>
    </ClCompile>
    <ClCompile Include="src\GameDownloader\Behavior\private\BindiffBehaviorPrivate.cpp">
      <Filter>Source Files</Filter>
    </ClCompile>
    <ClCompile Include="src\GameDownloader\Algorithms\BindiffVersion.cpp">
      <Filter>Source Files</Filter>
    </ClCompile>
    <ClCompile Include="src\GameDownloader\Behavior\Private\CheckTorrentModify.cpp">
      <Filter>Source Files</Filter>
    </ClCompile>
    <ClCompile Include="src\GameDownloader\Behavior\CheckUpdateBehavior.cpp">
      <Filter>Source Files</Filter>
    </ClCompile>
    <ClCompile Include="src\GameDownloader\CheckUpdateHelper.cpp">
      <Filter>Source Files</Filter>
    </ClCompile>
    <ClCompile Include="src\GameDownloader\XdeltaWrapper\DecodeState.cpp">
      <Filter>Source Files</Filter>
    </ClCompile>
    <ClCompile Include="src\GameDownloader\XdeltaWrapper\DecodeStatePrivate.cpp">
      <Filter>Source Files</Filter>
    </ClCompile>
    <ClCompile Include="src\GameDownloader\Behavior\Private\DirProcessor.cpp">
      <Filter>Source Files</Filter>
    </ClCompile>
    <ClCompile Include="src\GameDownloader\Behavior\DownloadBindiffBehavior.cpp">
      <Filter>Source Files</Filter>
    </ClCompile>
    <ClCompile Include="src\GameDownloader\Behavior\Private\DownloadFileHelper.cpp">
      <Filter>Source Files</Filter>
    </ClCompile>
    <ClCompile Include="src\GameDownloader\Extractor\DummyExtractor.cpp">
      <Filter>Source Files</Filter>
    </ClCompile>
    <ClCompile Include="src\GameDownloader\ExtractorBase.cpp">
      <Filter>Source Files</Filter>
    </ClCompile>
    <ClCompile Include="src\GameDownloader\Behavior\ExtractorBehavior.cpp">
      <Filter>Source Files</Filter>
    </ClCompile>
    <ClCompile Include="src\GameDownloader\Behavior\FinishBehavior.cpp">
      <Filter>Source Files</Filter>
    </ClCompile>
    <ClCompile Include="src\GameDownloader\GameDownloadService.cpp">
      <Filter>Source Files</Filter>
    </ClCompile>
    <ClCompile Include="src\GameDownloader\Extractor\GameExtractor.cpp">
      <Filter>Source Files</Filter>
    </ClCompile>
    <ClCompile Include="src\GameDownloader\Behavior\GetNewTorrentBehavior.cpp">
      <Filter>Source Files</Filter>
    </ClCompile>
    <ClCompile Include="src\GameDownloader\HookBase.cpp">
      <Filter>Source Files</Filter>
    </ClCompile>
    <ClCompile Include="src\GameDownloader\Hooks\InstallDependency.cpp">
      <Filter>Source Files</Filter>
    </ClCompile>
    <ClCompile Include="src\GameDownloader\Behavior\OnlyCheckUpdateBehavior.cpp">
      <Filter>Source Files</Filter>
    </ClCompile>
    <ClCompile Include="src\GameDownloader\Behavior\PostHookBehavior.cpp">
      <Filter>Source Files</Filter>
    </ClCompile>
    <ClCompile Include="src\GameDownloader\Behavior\PreHookBehavior.cpp">
      <Filter>Source Files</Filter>
    </ClCompile>
    <ClCompile Include="src\GameDownloader\Behavior\ReadOnlyBehavior.cpp">
      <Filter>Source Files</Filter>
    </ClCompile>
    <ClCompile Include="src\GameDownloader\Behavior\RehashClientBehavior.cpp">
      <Filter>Source Files</Filter>
    </ClCompile>
    <ClCompile Include="src\GameDownloader\ServiceState.cpp">
      <Filter>Source Files</Filter>
    </ClCompile>
    <ClCompile Include="src\GameDownloader\StateMachine.cpp">
      <Filter>Source Files</Filter>
    </ClCompile>
    <ClCompile Include="src\GameDownloader\Behavior\TorrentDownloadBehavior.cpp">
      <Filter>Source Files</Filter>
    </ClCompile>
    <ClCompile Include="src\GameDownloader\Extractor\UpdateInfoGetterResultEventLoopKiller.cpp">
      <Filter>Source Files</Filter>
    </ClCompile>
    <ClCompile Include="src\GameDownloader\XdeltaWrapper\XdeltaDecoder.cpp">
      <Filter>Source Files</Filter>
    </ClCompile>
    <ClCompile Include="src\GameDownloader\XdeltaWrapper\XdeltaSource.cpp">
      <Filter>Source Files</Filter>
    </ClCompile>
  </ItemGroup>
  <ItemGroup>
    <ClInclude Include="include\GameDownloader\Common\FileUtils.h">
      <Filter>Header Files</Filter>
    </ClInclude>
    <ClInclude Include="include\GameDownloader\XdeltaWrapper\DecodeStatePrivate.h">
      <Filter>Header Files</Filter>
    </ClInclude>
    <ClInclude Include="include\GameDownloader\GameDownloader_global.h">
      <Filter>Header Files</Filter>
    </ClInclude>
    <ClInclude Include="include\GameDownloader\RegisterTypes.h">
      <Filter>Header Files</Filter>
    </ClInclude>
    <ClInclude Include="include\GameDownloader\StartType.h">
      <Filter>Header Files</Filter>
    </ClInclude>
    <ClInclude Include="resource.h">
      <Filter>Header Files</Filter>
    </ClInclude>
    <ClInclude Include="version.h">
      <Filter>Header Files</Filter>
    </ClInclude>
  </ItemGroup>
  <ItemGroup>
    <ResourceCompile Include="GameDownloader.rc" />
  </ItemGroup>
  <ItemGroup>
    <None Include="i18n\GameDownloader_en.ts" />
    <None Include="i18n\GameDownloader_ru.ts" />
  </ItemGroup>
  <ItemGroup>
    <Filter Include="Header Files">
      <UniqueIdentifier>{93995380-89BD-4b04-88EB-625FBE52EBFB}</UniqueIdentifier>
      <Extensions>h</Extensions>
      <ParseFiles>true</ParseFiles>
    </Filter>
    <Filter Include="Generated Files">
      <UniqueIdentifier>{71ED8ED8-ACB9-4CE9-BBE1-E00B30144E11}</UniqueIdentifier>
      <Extensions>moc;h;cpp</Extensions>
      <ParseFiles>true</ParseFiles>
    </Filter>
    <Filter Include="Generated Files\Debug">
      <UniqueIdentifier>{942aed74-5b42-47ff-98b6-1f3b121bd699}</UniqueIdentifier>
      <Extensions>cpp;moc</Extensions>
      <SourceControlFiles>False</SourceControlFiles>
    </Filter>
    <Filter Include="Generated Files\Release">
      <UniqueIdentifier>{1804a656-abf9-43a4-84fe-ce559060e863}</UniqueIdentifier>
      <Extensions>cpp;moc</Extensions>
      <SourceControlFiles>False</SourceControlFiles>
    </Filter>
    <Filter Include="Source Files">
      <UniqueIdentifier>{4FC737F1-C7A5-4376-A066-2A32D752A2FF}</UniqueIdentifier>
      <Extensions>cpp;cxx;c;def</Extensions>
      <ParseFiles>true</ParseFiles>
    </Filter>
    <Filter Include="Generated Files\Debug_Win32">
      <UniqueIdentifier>{0e5b4bb8-95ba-4a70-bdc1-95fa0981fb04}</UniqueIdentifier>
      <Extensions>cpp;moc</Extensions>
      <SourceControlFiles>False</SourceControlFiles>
    </Filter>
    <Filter Include="Generated Files\Release_Win32">
      <UniqueIdentifier>{4cd16784-da24-42a6-8159-0fcf434f3c74}</UniqueIdentifier>
      <Extensions>cpp;moc</Extensions>
      <SourceControlFiles>False</SourceControlFiles>
    </Filter>
  </ItemGroup>
  <ItemGroup>
    <QtMoc Include="include\GameDownloader\Algorithms\BindiffVersion.h">
      <Filter>Header Files</Filter>
    </QtMoc>
    <QtMoc Include="include\GameDownloader\Algorithms\SimpleVersion.h">
      <Filter>Header Files</Filter>
    </QtMoc>
    <QtMoc Include="include\GameDownloader\Behavior\Private\BindiffBehaviorPrivate.h">
      <Filter>Header Files</Filter>
    </QtMoc>
    <QtMoc Include="include\GameDownloader\Behavior\Private\CheckPatchExist.h">
      <Filter>Header Files</Filter>
    </QtMoc>
    <QtMoc Include="include\GameDownloader\Behavior\Private\CheckTorrentModify.h">
      <Filter>Header Files</Filter>
    </QtMoc>
    <QtMoc Include="include\GameDownloader\Behavior\Private\DirProcessor.h">
      <Filter>Header Files</Filter>
    </QtMoc>
    <QtMoc Include="include\GameDownloader\Behavior\Private\DownloadFileHelper.h">
      <Filter>Header Files</Filter>
    </QtMoc>
    <QtMoc Include="include\GameDownloader\Behavior\BaseBehavior.h">
      <Filter>Header Files</Filter>
    </QtMoc>
    <QtMoc Include="include\GameDownloader\Behavior\BindiffBehavior.h">
      <Filter>Header Files</Filter>
    </QtMoc>
    <QtMoc Include="include\GameDownloader\Behavior\BindiffFailedBehavior.h">
      <Filter>Header Files</Filter>
    </QtMoc>
    <QtMoc Include="include\GameDownloader\Behavior\CheckUpdateBehavior.h">
      <Filter>Header Files</Filter>
    </QtMoc>
    <QtMoc Include="include\GameDownloader\Behavior\CompressorBehavior.h">
      <Filter>Header Files</Filter>
    </QtMoc>
    <QtMoc Include="include\GameDownloader\Behavior\CreateFastResumeBehavior.h">
      <Filter>Header Files</Filter>
    </QtMoc>
    <QtMoc Include="include\GameDownloader\Behavior\DownloadBindiffBehavior.h">
      <Filter>Header Files</Filter>
    </QtMoc>
    <QtMoc Include="include\GameDownloader\Behavior\ExtractorBehavior.h">
      <Filter>Header Files</Filter>
    </QtMoc>
    <QtMoc Include="include\GameDownloader\Behavior\FinishBehavior.h">
      <Filter>Header Files</Filter>
    </QtMoc>
    <QtMoc Include="include\GameDownloader\Behavior\GetNewTorrentBehavior.h">
      <Filter>Header Files</Filter>
    </QtMoc>
    <QtMoc Include="include\GameDownloader\Behavior\GetPatchVersionBehavior.h">
      <Filter>Header Files</Filter>
    </QtMoc>
    <QtMoc Include="include\GameDownloader\Behavior\OnlyCheckUpdateBehavior.h">
      <Filter>Header Files</Filter>
    </QtMoc>
    <QtMoc Include="include\GameDownloader\Behavior\PostHookBehavior.h">
      <Filter>Header Files</Filter>
    </QtMoc>
    <QtMoc Include="include\GameDownloader\Behavior\PreHookBehavior.h">
      <Filter>Header Files</Filter>
    </QtMoc>
    <QtMoc Include="include\GameDownloader\Behavior\ReadOnlyBehavior.h">
      <Filter>Header Files</Filter>
    </QtMoc>
    <QtMoc Include="include\GameDownloader\Behavior\RehashClientBehavior.h">
      <Filter>Header Files</Filter>
    </QtMoc>
    <QtMoc Include="include\GameDownloader\Behavior\SetAllPackedBehavior.h">
      <Filter>Header Files</Filter>
    </QtMoc>
    <QtMoc Include="include\GameDownloader\Behavior\TorrentDownloadBehavior.h">
      <Filter>Header Files</Filter>
    </QtMoc>
    <QtMoc Include="include\GameDownloader\Behavior\UninstallBehavior.h">
      <Filter>Header Files</Filter>
    </QtMoc>
    <QtMoc Include="include\GameDownloader\Extractor\DummyExtractor.h">
      <Filter>Header Files</Filter>
    </QtMoc>
    <QtMoc Include="include\GameDownloader\Extractor\UpdateInfoGetterResultEventLoopKiller.h">
      <Filter>Header Files</Filter>
    </QtMoc>
    <QtMoc Include="include\GameDownloader\Hooks\InstallDependency.h">
      <Filter>Header Files</Filter>
    </QtMoc>
    <QtMoc Include="include\GameDownloader\Hooks\PreventWin32Download.h">
      <Filter>Header Files</Filter>
    </QtMoc>
    <QtMoc Include="include\GameDownloader\Hooks\PreventWinXpDownload.h">
      <Filter>Header Files</Filter>
    </QtMoc>
    <QtMoc Include="include\GameDownloader\Hooks\RemoveFileHook.h">
      <Filter>Header Files</Filter>
    </QtMoc>
    <QtMoc Include="include\GameDownloader\XdeltaWrapper\DecodeState.h">
      <Filter>Header Files</Filter>
    </QtMoc>
    <QtMoc Include="include\GameDownloader\XdeltaWrapper\XdeltaDecoder.h">
      <Filter>Header Files</Filter>
    </QtMoc>
    <QtMoc Include="include\GameDownloader\CheckUpdateHelper.h">
      <Filter>Header Files</Filter>
    </QtMoc>
    <QtMoc Include="include\GameDownloader\ExtractorBase.h">
      <Filter>Header Files</Filter>
    </QtMoc>
    <QtMoc Include="include\GameDownloader\GameDownloadService.h">
      <Filter>Header Files</Filter>
    </QtMoc>
    <QtMoc Include="include\GameDownloader\HookBase.h">
      <Filter>Header Files</Filter>
    </QtMoc>
    <QtMoc Include="include\GameDownloader\ProgressCalculator.h">
      <Filter>Header Files</Filter>
    </QtMoc>
    <QtMoc Include="include\GameDownloader\ServiceState.h">
      <Filter>Header Files</Filter>
    </QtMoc>
    <QtMoc Include="include\GameDownloader\StateMachine.h">
      <Filter>Header Files</Filter>
    </QtMoc>
    <QtMoc Include="include\GameDownloader\Extractor\GameExtractor.h">
      <Filter>Header Files</Filter>
    </QtMoc>
  </ItemGroup>
</Project>